
Microsoft Visual Studio Solution File, Format Version 12.00
# Visual Studio 15
VisualStudioVersion = 15.0.26430.16
MinimumVisualStudioVersion = 10.0.40219.1
Project("{FAE04EC0-301F-11D3-BF4B-00C04F79EFBC}") = "Sixty Editor DLL", "Sixty Editor DLL\Sixty Editor DLL.csproj", "{67F9D3A8-F71E-4428-913F-C37AE82CDB24}"
EndProject
Project("{FAE04EC0-301F-11D3-BF4B-00C04F79EFBC}") = "Sixty Editor Android", "Sixty Editor Android\Sixty Editor Android.csproj", "{43665799-4F78-4BC2-A5DA-ED823C826DF9}"
EndProject
Project("{FAE04EC0-301F-11D3-BF4B-00C04F79EFBC}") = "Sixty Editor WinForms", "Sixty Editor WinForms\Sixty Editor WinForms.csproj", "{B1E83F8A-98B6-4284-8C9E-B6C1911C5441}"
EndProject
Global
	GlobalSection(SolutionConfigurationPlatforms) = preSolution
		Debug|Any CPU = Debug|Any CPU
		Release|Any CPU = Release|Any CPU
	EndGlobalSection
	GlobalSection(ProjectConfigurationPlatforms) = postSolution
		{67F9D3A8-F71E-4428-913F-C37AE82CDB24}.Debug|Any CPU.ActiveCfg = Debug|Any CPU
		{67F9D3A8-F71E-4428-913F-C37AE82CDB24}.Debug|Any CPU.Build.0 = Debug|Any CPU
		{67F9D3A8-F71E-4428-913F-C37AE82CDB24}.Release|Any CPU.ActiveCfg = Release|Any CPU
		{67F9D3A8-F71E-4428-913F-C37AE82CDB24}.Release|Any CPU.Build.0 = Release|Any CPU
		{43665799-4F78-4BC2-A5DA-ED823C826DF9}.Debug|Any CPU.ActiveCfg = Debug|Any CPU
		{43665799-4F78-4BC2-A5DA-ED823C826DF9}.Debug|Any CPU.Build.0 = Debug|Any CPU
		{43665799-4F78-4BC2-A5DA-ED823C826DF9}.Debug|Any CPU.Deploy.0 = Debug|Any CPU
		{43665799-4F78-4BC2-A5DA-ED823C826DF9}.Release|Any CPU.ActiveCfg = Release|Any CPU
		{43665799-4F78-4BC2-A5DA-ED823C826DF9}.Release|Any CPU.Build.0 = Release|Any CPU
		{43665799-4F78-4BC2-A5DA-ED823C826DF9}.Release|Any CPU.Deploy.0 = Release|Any CPU
		{B1E83F8A-98B6-4284-8C9E-B6C1911C5441}.Debug|Any CPU.ActiveCfg = Debug|Any CPU
		{B1E83F8A-98B6-4284-8C9E-B6C1911C5441}.Debug|Any CPU.Build.0 = Debug|Any CPU
		{B1E83F8A-98B6-4284-8C9E-B6C1911C5441}.Release|Any CPU.ActiveCfg = Release|Any CPU
		{B1E83F8A-98B6-4284-8C9E-B6C1911C5441}.Release|Any CPU.Build.0 = Release|Any CPU
	EndGlobalSection
	GlobalSection(SolutionProperties) = preSolution
		HideSolutionNode = FALSE
	EndGlobalSection
EndGlobal
